{
  "name": "tonka-vite-plugin",
  "version": "1.0.0",
  "lockfileVersion": 3,
  "requires": true,
  "packages": {
    "": {
      "name": "tonka-vite-plugin",
      "version": "1.0.0",
      "license": "MIT",
      "dependencies": {
        "tonka-vite-plugin": "^1.0.0"
      }
    },
    "node_modules/tonka-vite-plugin": {
      "version": "1.0.0",
      "resolved": "https://registry.npmjs.org/tonka-vite-plugin/-/tonka-vite-plugin-1.0.0.tgz",
      "integrity": "sha512-CDW07e7QpVn/Xyk78kLI9d0fzWEgfTZvh12Ar2o7ojrZEWWgdgalF3qqQA84O7Wl0r86Yz4zkro0R6qHRj85kA==",
      "license": "MIT"
    }
  }
}
